
Microsoft Visual Studio Solution File, Format Version 12.00
# Visual Studio Version 17
VisualStudioVersion = 17.7.34018.315
MinimumVisualStudioVersion = 10.0.40219.1
Project("{FAE04EC0-301F-11D3-BF4B-00C04F79EFBC}") = "Project Factory", "Project Factory\Project Factory.csproj", "{DD6B1ABC-5D1B-4895-8353-DDC7ED845549}"
EndProject
Global
	GlobalSection(SolutionConfigurationPlatforms) = preSolution
		Debug|Any CPU = Debug|Any CPU
		Release|Any CPU = Release|Any CPU
	EndGlobalSection
	GlobalSection(ProjectConfigurationPlatforms) = postSolution
		{DD6B1ABC-5D1B-4895-8353-DDC7ED845549}.Debug|Any CPU.ActiveCfg = Debug|Any CPU
		{DD6B1ABC-5D1B-4895-8353-DDC7ED845549}.Debug|Any CPU.Build.0 = Debug|Any CPU
		{DD6B1ABC-5D1B-4895-8353-DDC7ED845549}.Release|Any CPU.ActiveCfg = Release|Any CPU
		{DD6B1ABC-5D1B-4895-8353-DDC7ED845549}.Release|Any CPU.Build.0 = Release|Any CPU
	EndGlobalSection
	GlobalSection(SolutionProperties) = preSolution
		HideSolutionNode = FALSE
	EndGlobalSection
	GlobalSection(ExtensibilityGlobals) = postSolution
		SolutionGuid = {F53F50F2-B4D5-4A1F-8DB5-ADA5B4EFF730}
	EndGlobalSection
EndGlobal
