
Microsoft Visual Studio Solution File, Format Version 12.00
# Visual Studio Version 17
VisualStudioVersion = 17.7.34018.315
MinimumVisualStudioVersion = 10.0.40219.1
Project("{9A19103F-16F7-4668-BE54-9A1E7A4F7556}") = "App2", "App2.csproj", "{A0CCD626-2864-4360-874F-54884158DA6B}"
EndProject
Project("{FAE04EC0-301F-11D3-BF4B-00C04F79EFBC}") = "Homework3", "..\Homework3\Homework3.csproj", "{E07F1F68-D142-43E5-A2D4-F993B3A0879B}"
EndProject
Global
	GlobalSection(SolutionConfigurationPlatforms) = preSolution
		Debug|Any CPU = Debug|Any CPU
		Release|Any CPU = Release|Any CPU
	EndGlobalSection
	GlobalSection(ProjectConfigurationPlatforms) = postSolution
		{A0CCD626-2864-4360-874F-54884158DA6B}.Debug|Any CPU.ActiveCfg = Debug|Any CPU
		{A0CCD626-2864-4360-874F-54884158DA6B}.Debug|Any CPU.Build.0 = Debug|Any CPU
		{A0CCD626-2864-4360-874F-54884158DA6B}.Release|Any CPU.ActiveCfg = Release|Any CPU
		{A0CCD626-2864-4360-874F-54884158DA6B}.Release|Any CPU.Build.0 = Release|Any CPU
		{E07F1F68-D142-43E5-A2D4-F993B3A0879B}.Debug|Any CPU.ActiveCfg = Debug|Any CPU
		{E07F1F68-D142-43E5-A2D4-F993B3A0879B}.Debug|Any CPU.Build.0 = Debug|Any CPU
		{E07F1F68-D142-43E5-A2D4-F993B3A0879B}.Release|Any CPU.ActiveCfg = Release|Any CPU
		{E07F1F68-D142-43E5-A2D4-F993B3A0879B}.Release|Any CPU.Build.0 = Release|Any CPU
	EndGlobalSection
	GlobalSection(SolutionProperties) = preSolution
		HideSolutionNode = FALSE
	EndGlobalSection
	GlobalSection(ExtensibilityGlobals) = postSolution
		SolutionGuid = {E35CDD3B-5494-4775-B793-3D3F6A3A0246}
	EndGlobalSection
EndGlobal
